
Microsoft Visual Studio Solution File, Format Version 12.00
# Visual Studio 15
Project("{FAE04EC0-301F-11D3-BF4B-00C04F79EFBC}") = "Assembly-CSharp", "Assembly-CSharp.csproj", "{52C0FC21-7E21-223A-607B-8420B281D58A}"
EndProject
Project("{FAE04EC0-301F-11D3-BF4B-00C04F79EFBC}") = "Assembly-CSharp-Editor", "Assembly-CSharp-Editor.csproj", "{7362722C-BBB6-A992-419D-3A79C08FC074}"
EndProject
Global
	GlobalSection(SolutionConfigurationPlatforms) = preSolution
		Debug|Any CPU = Debug|Any CPU
		Release|Any CPU = Release|Any CPU
	EndGlobalSection
	GlobalSection(ProjectConfigurationPlatforms) = postSolution
		{52C0FC21-7E21-223A-607B-8420B281D58A}.Debug|Any CPU.ActiveCfg = Debug|Any CPU
		{52C0FC21-7E21-223A-607B-8420B281D58A}.Debug|Any CPU.Build.0 = Debug|Any CPU
		{52C0FC21-7E21-223A-607B-8420B281D58A}.Release|Any CPU.ActiveCfg = Release|Any CPU
		{52C0FC21-7E21-223A-607B-8420B281D58A}.Release|Any CPU.Build.0 = Release|Any CPU
		{7362722C-BBB6-A992-419D-3A79C08FC074}.Debug|Any CPU.ActiveCfg = Debug|Any CPU
		{7362722C-BBB6-A992-419D-3A79C08FC074}.Debug|Any CPU.Build.0 = Debug|Any CPU
		{7362722C-BBB6-A992-419D-3A79C08FC074}.Release|Any CPU.ActiveCfg = Release|Any CPU
		{7362722C-BBB6-A992-419D-3A79C08FC074}.Release|Any CPU.Build.0 = Release|Any CPU
	EndGlobalSection
	GlobalSection(SolutionProperties) = preSolution
		HideSolutionNode = FALSE
	EndGlobalSection
EndGlobal
